# This file is automatically @generated by Cargo.
# It is not intended for manual editing.
version = 4

[[package]]
name = "argus"
version = "0.0.0"

[[package]]
name = "argus-core"
version = "0.0.0"

[[package]]
name = "argus-crypto"
version = "0.0.0"

[[package]]
name = "argus-http"
version = "0.0.0"

[[package]]
name = "argus-parse"
version = "0.0.0"

[[package]]
name = "argus-proto"
version = "0.0.0"

[[package]]
name = "argus-saml"
version = "0.0.0"

[[package]]
name = "argus-sandbox"
version = "0.0.0"

[[package]]
name = "argus-store"
version = "0.0.0"
